dependencies:
- name: opensearch
  repository: oci://registry-1.docker.io/bitnamicharts
  version: 0.9.1
- name: postgresql
  repository: oci://registry-1.docker.io/bitnamicharts
  version: 14.0.1
- name: rabbitmq
  repository: oci://registry-1.docker.io/bitnamicharts
  version: 12.9.3
- name: redis
  repository: oci://registry-1.docker.io/bitnamicharts
  version: 18.12.0
digest: sha256:c0160736b1f6c68ded5da035b1fc018879fa8d092a4c4ae1a6561faf3224582a
generated: "2024-03-03T14:42:22.849090515-08:00"
