dependencies:
- name: opensearch
  repository: oci://registry-1.docker.io/bitnamicharts
  version: 0.9.1
- name: postgresql
  repository: oci://registry-1.docker.io/bitnamicharts
  version: 14.0.1
- name: rabbitmq
  repository: oci://registry-1.docker.io/bitnamicharts
  version: 12.14.0
- name: redis
  repository: oci://registry-1.docker.io/bitnamicharts
  version: 18.12.0
digest: sha256:de955d5055853eeeaef6f2583f8b39f220e2c3322a1c30f669de7030f9f233e0
generated: "2024-03-02T15:59:25.828369924-08:00"
